
Microsoft Visual Studio Solution File, Format Version 12.00
Project("{FAE04EC0-301F-11D3-BF4B-00C04F79EFBC}") = "LetsMeet.Api", "LetsMeet.Api\LetsMeet.Api.csproj", "{7D5706AB-4E34-4913-A44B-BE542F093877}"
EndProject
Project("{2150E333-8FDC-42A3-9474-1A3956D46DE8}") = "Shared", "Shared", "{615E421B-FAC9-46EA-9AFD-7118C1F986C9}"
EndProject
Project("{FAE04EC0-301F-11D3-BF4B-00C04F79EFBC}") = "LetsMeet.Shared.Infrastructure", "Shared\LetsMeet.Shared.Infrastructure\LetsMeet.Shared.Infrastructure.csproj", "{C4CA9F46-C2E5-4817-BFFD-CF2F470B798E}"
EndProject
Project("{2150E333-8FDC-42A3-9474-1A3956D46DE8}") = "Modules", "Modules", "{D736CB39-D8D2-4B7D-AA29-22EB0FA37C2D}"
EndProject
Project("{2150E333-8FDC-42A3-9474-1A3956D46DE8}") = "Users", "Users", "{1AD34904-6D65-4108-B5F6-ED6C0C47202E}"
EndProject
Project("{FAE04EC0-301F-11D3-BF4B-00C04F79EFBC}") = "LetsMeet.Modules.Users.Api", "Modules\Users\LetsMeet.Modules.Users.Api\LetsMeet.Modules.Users.Api.csproj", "{4924014B-38D9-448F-882D-877FD9CF8FB8}"
EndProject
Project("{FAE04EC0-301F-11D3-BF4B-00C04F79EFBC}") = "LetsMeet.Modules.Users.Infrastructure", "Modules\Users\LetsMeet.Modules.Users.Infrastructure\LetsMeet.Modules.Users.Infrastructure.csproj", "{8E39821B-D247-4148-B046-944D8B588CA7}"
EndProject
Project("{FAE04EC0-301F-11D3-BF4B-00C04F79EFBC}") = "LetsMeet.Modules.Users.Domain", "Modules\Users\LetsMeet.Modules.Users.Domain\LetsMeet.Modules.Users.Domain.csproj", "{BB4BA616-8962-42F5-90EC-BC60845A7AFC}"
EndProject
Project("{FAE04EC0-301F-11D3-BF4B-00C04F79EFBC}") = "LetsMeet.Modules.Users.Application", "Modules\Users\LetsMeet.Modules.Users.Application\LetsMeet.Modules.Users.Application.csproj", "{C6C16ED0-6630-46D0-A06E-8EC80E49B627}"
EndProject
Project("{FAE04EC0-301F-11D3-BF4B-00C04F79EFBC}") = "LetsMeet.Shared.Abstractions", "Shared\LetsMeet.Shared.Abstractions\LetsMeet.Shared.Abstractions.csproj", "{28826949-3515-4B28-953E-59151385FE66}"
EndProject
Project("{FAE04EC0-301F-11D3-BF4B-00C04F79EFBC}") = "LetsMeet.Shared.Tests.Common", "Shared\LetsMeet.Shared.Tests.Common\LetsMeet.Shared.Tests.Common.csproj", "{AC6F477E-C983-47ED-88BB-0826C19D9380}"
EndProject
Project("{FAE04EC0-301F-11D3-BF4B-00C04F79EFBC}") = "LestMeet.Modules.Users.Tests.Unit", "Modules\Users\LestMeet.Modules.Users.Tests.Unit\LestMeet.Modules.Users.Tests.Unit.csproj", "{358F7D00-779D-457E-A79D-927B57E90C4C}"
EndProject
Project("{2150E333-8FDC-42A3-9474-1A3956D46DE8}") = "Tests", "Tests", "{D7B43C57-0B34-4328-8835-E363546EC435}"
EndProject
Project("{FAE04EC0-301F-11D3-BF4B-00C04F79EFBC}") = "LetsMeet.Tests.Integration", "Tests\LetsMeet.Tests.Integration\LetsMeet.Tests.Integration.csproj", "{00C556BA-F2D2-4624-A892-1689CDAF232A}"
EndProject
Global
	GlobalSection(SolutionConfigurationPlatforms) = preSolution
		Debug|Any CPU = Debug|Any CPU
		Release|Any CPU = Release|Any CPU
	EndGlobalSection
	GlobalSection(ProjectConfigurationPlatforms) = postSolution
		{7D5706AB-4E34-4913-A44B-BE542F093877}.Debug|Any CPU.ActiveCfg = Debug|Any CPU
		{7D5706AB-4E34-4913-A44B-BE542F093877}.Debug|Any CPU.Build.0 = Debug|Any CPU
		{7D5706AB-4E34-4913-A44B-BE542F093877}.Release|Any CPU.ActiveCfg = Release|Any CPU
		{7D5706AB-4E34-4913-A44B-BE542F093877}.Release|Any CPU.Build.0 = Release|Any CPU
		{C4CA9F46-C2E5-4817-BFFD-CF2F470B798E}.Debug|Any CPU.ActiveCfg = Debug|Any CPU
		{C4CA9F46-C2E5-4817-BFFD-CF2F470B798E}.Debug|Any CPU.Build.0 = Debug|Any CPU
		{C4CA9F46-C2E5-4817-BFFD-CF2F470B798E}.Release|Any CPU.ActiveCfg = Release|Any CPU
		{C4CA9F46-C2E5-4817-BFFD-CF2F470B798E}.Release|Any CPU.Build.0 = Release|Any CPU
		{4924014B-38D9-448F-882D-877FD9CF8FB8}.Debug|Any CPU.ActiveCfg = Debug|Any CPU
		{4924014B-38D9-448F-882D-877FD9CF8FB8}.Debug|Any CPU.Build.0 = Debug|Any CPU
		{4924014B-38D9-448F-882D-877FD9CF8FB8}.Release|Any CPU.ActiveCfg = Release|Any CPU
		{4924014B-38D9-448F-882D-877FD9CF8FB8}.Release|Any CPU.Build.0 = Release|Any CPU
		{8E39821B-D247-4148-B046-944D8B588CA7}.Debug|Any CPU.ActiveCfg = Debug|Any CPU
		{8E39821B-D247-4148-B046-944D8B588CA7}.Debug|Any CPU.Build.0 = Debug|Any CPU
		{8E39821B-D247-4148-B046-944D8B588CA7}.Release|Any CPU.ActiveCfg = Release|Any CPU
		{8E39821B-D247-4148-B046-944D8B588CA7}.Release|Any CPU.Build.0 = Release|Any CPU
		{BB4BA616-8962-42F5-90EC-BC60845A7AFC}.Debug|Any CPU.ActiveCfg = Debug|Any CPU
		{BB4BA616-8962-42F5-90EC-BC60845A7AFC}.Debug|Any CPU.Build.0 = Debug|Any CPU
		{BB4BA616-8962-42F5-90EC-BC60845A7AFC}.Release|Any CPU.ActiveCfg = Release|Any CPU
		{BB4BA616-8962-42F5-90EC-BC60845A7AFC}.Release|Any CPU.Build.0 = Release|Any CPU
		{C6C16ED0-6630-46D0-A06E-8EC80E49B627}.Debug|Any CPU.ActiveCfg = Debug|Any CPU
		{C6C16ED0-6630-46D0-A06E-8EC80E49B627}.Debug|Any CPU.Build.0 = Debug|Any CPU
		{C6C16ED0-6630-46D0-A06E-8EC80E49B627}.Release|Any CPU.ActiveCfg = Release|Any CPU
		{C6C16ED0-6630-46D0-A06E-8EC80E49B627}.Release|Any CPU.Build.0 = Release|Any CPU
		{28826949-3515-4B28-953E-59151385FE66}.Debug|Any CPU.ActiveCfg = Debug|Any CPU
		{28826949-3515-4B28-953E-59151385FE66}.Debug|Any CPU.Build.0 = Debug|Any CPU
		{28826949-3515-4B28-953E-59151385FE66}.Release|Any CPU.ActiveCfg = Release|Any CPU
		{28826949-3515-4B28-953E-59151385FE66}.Release|Any CPU.Build.0 = Release|Any CPU
		{AC6F477E-C983-47ED-88BB-0826C19D9380}.Debug|Any CPU.ActiveCfg = Debug|Any CPU
		{AC6F477E-C983-47ED-88BB-0826C19D9380}.Debug|Any CPU.Build.0 = Debug|Any CPU
		{AC6F477E-C983-47ED-88BB-0826C19D9380}.Release|Any CPU.ActiveCfg = Release|Any CPU
		{AC6F477E-C983-47ED-88BB-0826C19D9380}.Release|Any CPU.Build.0 = Release|Any CPU
		{358F7D00-779D-457E-A79D-927B57E90C4C}.Debug|Any CPU.ActiveCfg = Debug|Any CPU
		{358F7D00-779D-457E-A79D-927B57E90C4C}.Debug|Any CPU.Build.0 = Debug|Any CPU
		{358F7D00-779D-457E-A79D-927B57E90C4C}.Release|Any CPU.ActiveCfg = Release|Any CPU
		{358F7D00-779D-457E-A79D-927B57E90C4C}.Release|Any CPU.Build.0 = Release|Any CPU
		{00C556BA-F2D2-4624-A892-1689CDAF232A}.Debug|Any CPU.ActiveCfg = Debug|Any CPU
		{00C556BA-F2D2-4624-A892-1689CDAF232A}.Debug|Any CPU.Build.0 = Debug|Any CPU
		{00C556BA-F2D2-4624-A892-1689CDAF232A}.Release|Any CPU.ActiveCfg = Release|Any CPU
		{00C556BA-F2D2-4624-A892-1689CDAF232A}.Release|Any CPU.Build.0 = Release|Any CPU
	EndGlobalSection
	GlobalSection(NestedProjects) = preSolution
		{C4CA9F46-C2E5-4817-BFFD-CF2F470B798E} = {615E421B-FAC9-46EA-9AFD-7118C1F986C9}
		{1AD34904-6D65-4108-B5F6-ED6C0C47202E} = {D736CB39-D8D2-4B7D-AA29-22EB0FA37C2D}
		{4924014B-38D9-448F-882D-877FD9CF8FB8} = {1AD34904-6D65-4108-B5F6-ED6C0C47202E}
		{8E39821B-D247-4148-B046-944D8B588CA7} = {1AD34904-6D65-4108-B5F6-ED6C0C47202E}
		{BB4BA616-8962-42F5-90EC-BC60845A7AFC} = {1AD34904-6D65-4108-B5F6-ED6C0C47202E}
		{C6C16ED0-6630-46D0-A06E-8EC80E49B627} = {1AD34904-6D65-4108-B5F6-ED6C0C47202E}
		{28826949-3515-4B28-953E-59151385FE66} = {615E421B-FAC9-46EA-9AFD-7118C1F986C9}
		{AC6F477E-C983-47ED-88BB-0826C19D9380} = {615E421B-FAC9-46EA-9AFD-7118C1F986C9}
		{358F7D00-779D-457E-A79D-927B57E90C4C} = {1AD34904-6D65-4108-B5F6-ED6C0C47202E}
		{00C556BA-F2D2-4624-A892-1689CDAF232A} = {D7B43C57-0B34-4328-8835-E363546EC435}
	EndGlobalSection
EndGlobal
